
Microsoft Visual Studio Solution File, Format Version 12.00
# Visual Studio Version 16
VisualStudioVersion = 16.0.29926.136
MinimumVisualStudioVersion = 10.0.40219.1
Project("{FAE04EC0-301F-11D3-BF4B-00C04F79EFBC}") = "Bd.Web.App", "Bd.Web.App\Bd.Web.App.csproj", "{A0488C24-80CC-4C00-BAD3-882BE5715367}"
EndProject
Global
	GlobalSection(SolutionConfigurationPlatforms) = preSolution
		Debug|Any CPU = Debug|Any CPU
		Release|Any CPU = Release|Any CPU
	EndGlobalSection
	GlobalSection(ProjectConfigurationPlatforms) = postSolution
		{A0488C24-80CC-4C00-BAD3-882BE5715367}.Debug|Any CPU.ActiveCfg = Debug|Any CPU
		{A0488C24-80CC-4C00-BAD3-882BE5715367}.Debug|Any CPU.Build.0 = Debug|Any CPU
		{A0488C24-80CC-4C00-BAD3-882BE5715367}.Release|Any CPU.ActiveCfg = Release|Any CPU
		{A0488C24-80CC-4C00-BAD3-882BE5715367}.Release|Any CPU.Build.0 = Release|Any CPU
	EndGlobalSection
	GlobalSection(SolutionProperties) = preSolution
		HideSolutionNode = FALSE
	EndGlobalSection
	GlobalSection(ExtensibilityGlobals) = postSolution
		SolutionGuid = {7E06BE06-9D42-4B5E-95A3-B243D3DFE491}
	EndGlobalSection
EndGlobal
